
Microsoft Visual Studio Solution File, Format Version 12.00
Project("{FAE04EC0-301F-11D3-BF4B-00C04F79EFBC}") = "TaskManager", "TaskManager\TaskManager.csproj", "{89F3E09C-27CA-477B-9CC3-E73F40E030A8}"
EndProject
Project("{FAE04EC0-301F-11D3-BF4B-00C04F79EFBC}") = "API", "API\API.csproj", "{F8AD605D-08DE-4080-A796-1DB38874584D}"
EndProject
Global
	GlobalSection(SolutionConfigurationPlatforms) = preSolution
		Debug|Any CPU = Debug|Any CPU
		Release|Any CPU = Release|Any CPU
	EndGlobalSection
	GlobalSection(ProjectConfigurationPlatforms) = postSolution
		{89F3E09C-27CA-477B-9CC3-E73F40E030A8}.Debug|Any CPU.ActiveCfg = Debug|Any CPU
		{89F3E09C-27CA-477B-9CC3-E73F40E030A8}.Debug|Any CPU.Build.0 = Debug|Any CPU
		{89F3E09C-27CA-477B-9CC3-E73F40E030A8}.Release|Any CPU.ActiveCfg = Release|Any CPU
		{89F3E09C-27CA-477B-9CC3-E73F40E030A8}.Release|Any CPU.Build.0 = Release|Any CPU
		{F8AD605D-08DE-4080-A796-1DB38874584D}.Debug|Any CPU.ActiveCfg = Debug|Any CPU
		{F8AD605D-08DE-4080-A796-1DB38874584D}.Debug|Any CPU.Build.0 = Debug|Any CPU
		{F8AD605D-08DE-4080-A796-1DB38874584D}.Release|Any CPU.ActiveCfg = Release|Any CPU
		{F8AD605D-08DE-4080-A796-1DB38874584D}.Release|Any CPU.Build.0 = Release|Any CPU
	EndGlobalSection
EndGlobal
