
Microsoft Visual Studio Solution File, Format Version 12.00
Project("{FAE04EC0-301F-11D3-BF4B-00C04F79EFBC}") = "API", "API\API.csproj", "{F8AD605D-08DE-4080-A796-1DB38874584D}"
EndProject
Project("{FAE04EC0-301F-11D3-BF4B-00C04F79EFBC}") = "Task.Client", "Task.Client\Task.Client.csproj", "{3D948D1C-8FB3-4A20-91AF-87E12FD23120}"
EndProject
Global
	GlobalSection(SolutionConfigurationPlatforms) = preSolution
		Debug|Any CPU = Debug|Any CPU
		Release|Any CPU = Release|Any CPU
	EndGlobalSection
	GlobalSection(ProjectConfigurationPlatforms) = postSolution
		{F8AD605D-08DE-4080-A796-1DB38874584D}.Debug|Any CPU.ActiveCfg = Debug|Any CPU
		{F8AD605D-08DE-4080-A796-1DB38874584D}.Debug|Any CPU.Build.0 = Debug|Any CPU
		{F8AD605D-08DE-4080-A796-1DB38874584D}.Release|Any CPU.ActiveCfg = Release|Any CPU
		{F8AD605D-08DE-4080-A796-1DB38874584D}.Release|Any CPU.Build.0 = Release|Any CPU
		{3D948D1C-8FB3-4A20-91AF-87E12FD23120}.Debug|Any CPU.ActiveCfg = Debug|Any CPU
		{3D948D1C-8FB3-4A20-91AF-87E12FD23120}.Debug|Any CPU.Build.0 = Debug|Any CPU
		{3D948D1C-8FB3-4A20-91AF-87E12FD23120}.Release|Any CPU.ActiveCfg = Release|Any CPU
		{3D948D1C-8FB3-4A20-91AF-87E12FD23120}.Release|Any CPU.Build.0 = Release|Any CPU
	EndGlobalSection
EndGlobal
